{
	"name": "@itrocks/build",
	"version": "0.0.1",
	"lockfileVersion": 3,
	"requires": true,
	"packages": {
		"": {
			"name": "@itrocks/build",
			"version": "0.0.1",
			"license": "LGPL-3.0-or-later",
			"dependencies": {
				"@itrocks/sorted-array": "latest"
			},
			"devDependencies": {
				"typescript": "5.6"
			}
		},
		"node_modules/@itrocks/sorted-array": {
			"version": "0.0.5",
			"resolved": "https://registry.npmjs.org/@itrocks/sorted-array/-/sorted-array-0.0.5.tgz",
			"integrity": "sha512-JxlcBOlAiODpn9aA5OwAukHNy6Y026AyRguQhAOoRC6V8m11rAi7rHvcdVowqXNl28J8lmxVjiVW9J2NtB6qtw==",
			"license": "MIT"
		},
		"node_modules/typescript": {
			"version": "5.6.3",
			"resolved": "https://registry.npmjs.org/typescript/-/typescript-5.6.3.tgz",
			"integrity": "sha512-hjcS1mhfuyi4WW8IWtjP7brDrG2cuDZukyrYrSauoXGNgx0S7zceP07adYkJycEr56BOUTNPzbInooiN3fn1qw==",
			"dev": true,
			"license": "Apache-2.0",
			"bin": {
				"tsc": "bin/tsc",
				"tsserver": "bin/tsserver"
			},
			"engines": {
				"node": ">=14.17"
			}
		}
	}
}
